
Microsoft Visual Studio Solution File, Format Version 12.00
# Visual Studio Version 17
VisualStudioVersion = 17.14.36327.8 d17.14
MinimumVisualStudioVersion = 10.0.40219.1
Project("{FAE04EC0-301F-11D3-BF4B-00C04F79EFBC}") = "SOLID-Principles", "SOLID-Principles\SOLID-Principles.csproj", "{96010199-5713-469A-9FEC-98C745926646}"
EndProject
Global
	GlobalSection(SolutionConfigurationPlatforms) = preSolution
		Debug|Any CPU = Debug|Any CPU
		Release|Any CPU = Release|Any CPU
	EndGlobalSection
	GlobalSection(ProjectConfigurationPlatforms) = postSolution
		{96010199-5713-469A-9FEC-98C745926646}.Debug|Any CPU.ActiveCfg = Debug|Any CPU
		{96010199-5713-469A-9FEC-98C745926646}.Debug|Any CPU.Build.0 = Debug|Any CPU
		{96010199-5713-469A-9FEC-98C745926646}.Release|Any CPU.ActiveCfg = Release|Any CPU
		{96010199-5713-469A-9FEC-98C745926646}.Release|Any CPU.Build.0 = Release|Any CPU
	EndGlobalSection
	GlobalSection(SolutionProperties) = preSolution
		HideSolutionNode = FALSE
	EndGlobalSection
	GlobalSection(ExtensibilityGlobals) = postSolution
		SolutionGuid = {E2E28AD5-A3D9-4C2C-BF15-A400BE26467D}
	EndGlobalSection
EndGlobal
